
Microsoft Visual Studio Solution File, Format Version 12.00
# Visual Studio Version 16
VisualStudioVersion = 16.0.30413.136
MinimumVisualStudioVersion = 10.0.40219.1
Project("{9A19103F-16F7-4668-BE54-9A1E7A4F7556}") = "EShop_DotNetCore.DAL", "EShop_DotNetCore.DAL\EShop_DotNetCore.DAL.csproj", "{E63EEEB0-7BC9-4955-967B-DC8083106A5C}"
EndProject
Project("{9A19103F-16F7-4668-BE54-9A1E7A4F7556}") = "EShop_DotNetCore.BLL", "EShop_DotNetCore.BLL\EShop_DotNetCore.BLL.csproj", "{74890576-4840-499E-B085-1670E40CC0A8}"
EndProject
Project("{9A19103F-16F7-4668-BE54-9A1E7A4F7556}") = "EShop_DotNetCore.COMMON", "EShop_DotNetCore.COMMON\EShop_DotNetCore.COMMON.csproj", "{E6227492-0806-41F2-9DF3-39A36E380717}"
EndProject
Project("{FAE04EC0-301F-11D3-BF4B-00C04F79EFBC}") = "EShop_DotNetCore.WEB", "EShop_DotNetCore.WEB\EShop_DotNetCore.WEB.csproj", "{43570D0C-53A7-4F72-B868-6698AABD45A4}"
EndProject
Global
	GlobalSection(SolutionConfigurationPlatforms) = preSolution
		Debug|Any CPU = Debug|Any CPU
		Release|Any CPU = Release|Any CPU
	EndGlobalSection
	GlobalSection(ProjectConfigurationPlatforms) = postSolution
		{E63EEEB0-7BC9-4955-967B-DC8083106A5C}.Debug|Any CPU.ActiveCfg = Debug|Any CPU
		{E63EEEB0-7BC9-4955-967B-DC8083106A5C}.Debug|Any CPU.Build.0 = Debug|Any CPU
		{E63EEEB0-7BC9-4955-967B-DC8083106A5C}.Release|Any CPU.ActiveCfg = Release|Any CPU
		{E63EEEB0-7BC9-4955-967B-DC8083106A5C}.Release|Any CPU.Build.0 = Release|Any CPU
		{74890576-4840-499E-B085-1670E40CC0A8}.Debug|Any CPU.ActiveCfg = Debug|Any CPU
		{74890576-4840-499E-B085-1670E40CC0A8}.Debug|Any CPU.Build.0 = Debug|Any CPU
		{74890576-4840-499E-B085-1670E40CC0A8}.Release|Any CPU.ActiveCfg = Release|Any CPU
		{74890576-4840-499E-B085-1670E40CC0A8}.Release|Any CPU.Build.0 = Release|Any CPU
		{E6227492-0806-41F2-9DF3-39A36E380717}.Debug|Any CPU.ActiveCfg = Debug|Any CPU
		{E6227492-0806-41F2-9DF3-39A36E380717}.Debug|Any CPU.Build.0 = Debug|Any CPU
		{E6227492-0806-41F2-9DF3-39A36E380717}.Release|Any CPU.ActiveCfg = Release|Any CPU
		{E6227492-0806-41F2-9DF3-39A36E380717}.Release|Any CPU.Build.0 = Release|Any CPU
		{43570D0C-53A7-4F72-B868-6698AABD45A4}.Debug|Any CPU.ActiveCfg = Debug|Any CPU
		{43570D0C-53A7-4F72-B868-6698AABD45A4}.Debug|Any CPU.Build.0 = Debug|Any CPU
		{43570D0C-53A7-4F72-B868-6698AABD45A4}.Release|Any CPU.ActiveCfg = Release|Any CPU
		{43570D0C-53A7-4F72-B868-6698AABD45A4}.Release|Any CPU.Build.0 = Release|Any CPU
	EndGlobalSection
	GlobalSection(SolutionProperties) = preSolution
		HideSolutionNode = FALSE
	EndGlobalSection
	GlobalSection(ExtensibilityGlobals) = postSolution
		SolutionGuid = {81EB2872-50F0-4C21-80FA-D510A74808C2}
	EndGlobalSection
EndGlobal
